{
  "nodes": {
    "flake-utils": {
      "locked": {
        "lastModified": 1667395993,
        "narHash": "sha256-nuEHfE/LcWyuSWnS8t12N1wc105Qtau+/OdUAjtQ0rA=",
        "owner": "numtide",
        "repo": "flake-utils",
        "rev": "5aed5285a952e0b949eb3ba02c12fa4fcfef535f",
        "type": "github"
      },
      "original": {
        "owner": "numtide",
        "repo": "flake-utils",
        "type": "github"
      }
    },
    "neovim": {
      "inputs": {
        "flake-utils": "flake-utils",
        "nixpkgs": [
          "nixpkgs"
        ]
      },
      "locked": {
        "dir": "contrib",
        "lastModified": 1685359478,
        "narHash": "sha256-G51qD7GklEn0JrneKSSqDDx0Odi7W2FjdQc0ZDE9ZK4=",
        "owner": "neovim",
        "repo": "neovim",
        "rev": "7d4bba7aa7a4a3444919ea7a3804094c290395ef",
        "type": "github"
      },
      "original": {
        "dir": "contrib",
        "owner": "neovim",
        "ref": "stable",
        "repo": "neovim",
        "type": "github"
      }
    },
    "nixpkgs": {
      "locked": {
        "lastModified": 1689752456,
        "narHash": "sha256-VOChdECcEI8ixz8QY+YC4JaNEFwQd1V8bA0G4B28Ki0=",
        "owner": "nixos",
        "repo": "nixpkgs",
        "rev": "7f256d7da238cb627ef189d56ed590739f42f13b",
        "type": "github"
      },
      "original": {
        "owner": "nixos",
        "ref": "nixpkgs-unstable",
        "repo": "nixpkgs",
        "type": "github"
      }
    },
    "plugin:comment-nvim": {
      "flake": false,
      "locked": {
        "lastModified": 1686546603,
        "narHash": "sha256-XM9yhp+SGxfAOdN/eDunzM0TMoCJhVth3wpFKNCGf3g=",
        "owner": "numToStr",
        "repo": "Comment.nvim",
        "rev": "176e85eeb63f1a5970d6b88f1725039d85ca0055",
        "type": "github"
      },
      "original": {
        "owner": "numToStr",
        "repo": "Comment.nvim",
        "type": "github"
      }
    },
    "plugin:nvim-treesitter-context": {
      "flake": false,
      "locked": {
        "lastModified": 1689239188,
        "narHash": "sha256-AJamiDezFK7l0bqb/VFm+pzBKugQNCmQ6JAWKmjH76g=",
        "owner": "nvim-treesitter",
        "repo": "nvim-treesitter-context",
        "rev": "6f8f788738b968f24a108ee599c5be0031f94f06",
        "type": "github"
      },
      "original": {
        "owner": "nvim-treesitter",
        "repo": "nvim-treesitter-context",
        "type": "github"
      }
    },
    "plugin:rose-pine": {
      "flake": false,
      "locked": {
        "lastModified": 1689433498,
        "narHash": "sha256-E8MnCvgppG0ViBa+hZcrR9S2Xf8Q1k1Vy88/XLoHtk8=",
        "owner": "rose-pine",
        "repo": "neovim",
        "rev": "76cae45b4e6716ee93afc78bd3860134935ea9d7",
        "type": "github"
      },
      "original": {
        "owner": "rose-pine",
        "repo": "neovim",
        "type": "github"
      }
    },
    "plugin:vim-ledger": {
      "flake": false,
      "locked": {
        "lastModified": 1677156499,
        "narHash": "sha256-4crxb9BMTv/cElWFG3w+TYGmCy8HtLi2fTu34kVMtCU=",
        "owner": "ledger",
        "repo": "vim-ledger",
        "rev": "8e735f84d2d954229ee65f4dc71bfc0bec897d98",
        "type": "github"
      },
      "original": {
        "owner": "ledger",
        "repo": "vim-ledger",
        "type": "github"
      }
    },
    "root": {
      "inputs": {
        "neovim": "neovim",
        "nixpkgs": "nixpkgs",
        "plugin:comment-nvim": "plugin:comment-nvim",
        "plugin:nvim-treesitter-context": "plugin:nvim-treesitter-context",
        "plugin:rose-pine": "plugin:rose-pine",
        "plugin:vim-ledger": "plugin:vim-ledger"
      }
    }
  },
  "root": "root",
  "version": 7
}
